
Microsoft Visual Studio Solution File, Format Version 12.00
# Visual Studio Version 17
VisualStudioVersion = 17.14.37628.2
MinimumVisualStudioVersion = 10.0.40219.1
Project("{2150E333-8FDC-42A3-9474-1A3956D46DE8}") = "Task0", "Task0", "{02EA681E-C7D8-13C7-8484-4AC65E1B71E8}"
EndProject
Project("{FAE04EC0-301F-11D3-BF4B-00C04F79EFBC}") = "Tyuiu.GluhovaUA.Sprint0.Task0.V0", "Tyuiu.GluhovaUA.Sprint0.Task0.V0\Tyuiu.GluhovaUA.Sprint0.Task0.V0.csproj", "{24A9001C-63E5-4A25-A728-3DA951245747}"
EndProject
Project("{2150E333-8FDC-42A3-9474-1A3956D46DE8}") = "Task1", "Task1", "{9E973B54-E43D-4157-B0CA-7F859584A547}"
EndProject
Project("{FAE04EC0-301F-11D3-BF4B-00C04F79EFBC}") = "Tyuiu.GluhovaUA.Sprint0.Task1.V0", "Tyuiu.GluhovaUA.Sprint0.Task1.V0\Tyuiu.GluhovaUA.Sprint0.Task1.V0.csproj", "{CC55B39B-2B89-4FB3-8F6F-AE7CC1483646}"
EndProject
Project("{2150E333-8FDC-42A3-9474-1A3956D46DE8}") = "Task2", "Task2", "{12B7613A-0E00-4869-A8FD-E41682769014}"
EndProject
Project("{FAE04EC0-301F-11D3-BF4B-00C04F79EFBC}") = "Tyuiu.GluhovaUA.Sprint0.Task2.V0", "Tyuiu.GluhovaUA.Sprint0.Task2.V0\Tyuiu.GluhovaUA.Sprint0.Task2.V0.csproj", "{8F64CE90-3C8A-41DE-90C3-73AF13621E97}"
EndProject
Project("{FAE04EC0-301F-11D3-BF4B-00C04F79EFBC}") = "Tyuiu.GluhovaUA.Sprint0.Task2.V0.Lib", "Tyuiu.GluhovaUA.Sprint0.Task2.V0.Lib\Tyuiu.GluhovaUA.Sprint0.Task2.V0.Lib.csproj", "{54D8C5A8-1A5C-4F93-BD3B-7C5D14F375BB}"
EndProject
Project("{FAE04EC0-301F-11D3-BF4B-00C04F79EFBC}") = "Tyuiu.GluhovaUA.Sprint0.Task2.V0.Test", "Tyuiu.GluhovaUA.Sprint0.Task2.V0.Test\Tyuiu.GluhovaUA.Sprint0.Task2.V0.Test.csproj", "{00B89E53-3B21-4F3D-A704-96804AD81507}"
EndProject
Global
	GlobalSection(SolutionConfigurationPlatforms) = preSolution
		Debug|Any CPU = Debug|Any CPU
		Release|Any CPU = Release|Any CPU
	EndGlobalSection
	GlobalSection(ProjectConfigurationPlatforms) = postSolution
		{24A9001C-63E5-4A25-A728-3DA951245747}.Debug|Any CPU.ActiveCfg = Debug|Any CPU
		{24A9001C-63E5-4A25-A728-3DA951245747}.Debug|Any CPU.Build.0 = Debug|Any CPU
		{24A9001C-63E5-4A25-A728-3DA951245747}.Release|Any CPU.ActiveCfg = Release|Any CPU
		{24A9001C-63E5-4A25-A728-3DA951245747}.Release|Any CPU.Build.0 = Release|Any CPU
		{CC55B39B-2B89-4FB3-8F6F-AE7CC1483646}.Debug|Any CPU.ActiveCfg = Debug|Any CPU
		{CC55B39B-2B89-4FB3-8F6F-AE7CC1483646}.Debug|Any CPU.Build.0 = Debug|Any CPU
		{CC55B39B-2B89-4FB3-8F6F-AE7CC1483646}.Release|Any CPU.ActiveCfg = Release|Any CPU
		{CC55B39B-2B89-4FB3-8F6F-AE7CC1483646}.Release|Any CPU.Build.0 = Release|Any CPU
		{8F64CE90-3C8A-41DE-90C3-73AF13621E97}.Debug|Any CPU.ActiveCfg = Debug|Any CPU
		{8F64CE90-3C8A-41DE-90C3-73AF13621E97}.Debug|Any CPU.Build.0 = Debug|Any CPU
		{8F64CE90-3C8A-41DE-90C3-73AF13621E97}.Release|Any CPU.ActiveCfg = Release|Any CPU
		{8F64CE90-3C8A-41DE-90C3-73AF13621E97}.Release|Any CPU.Build.0 = Release|Any CPU
		{54D8C5A8-1A5C-4F93-BD3B-7C5D14F375BB}.Debug|Any CPU.ActiveCfg = Debug|Any CPU
		{54D8C5A8-1A5C-4F93-BD3B-7C5D14F375BB}.Debug|Any CPU.Build.0 = Debug|Any CPU
		{54D8C5A8-1A5C-4F93-BD3B-7C5D14F375BB}.Release|Any CPU.ActiveCfg = Release|Any CPU
		{54D8C5A8-1A5C-4F93-BD3B-7C5D14F375BB}.Release|Any CPU.Build.0 = Release|Any CPU
		{00B89E53-3B21-4F3D-A704-96804AD81507}.Debug|Any CPU.ActiveCfg = Debug|Any CPU
		{00B89E53-3B21-4F3D-A704-96804AD81507}.Debug|Any CPU.Build.0 = Debug|Any CPU
		{00B89E53-3B21-4F3D-A704-96804AD81507}.Release|Any CPU.ActiveCfg = Release|Any CPU
		{00B89E53-3B21-4F3D-A704-96804AD81507}.Release|Any CPU.Build.0 = Release|Any CPU
	EndGlobalSection
	GlobalSection(SolutionProperties) = preSolution
		HideSolutionNode = FALSE
	EndGlobalSection
	GlobalSection(NestedProjects) = preSolution
		{24A9001C-63E5-4A25-A728-3DA951245747} = {02EA681E-C7D8-13C7-8484-4AC65E1B71E8}
		{CC55B39B-2B89-4FB3-8F6F-AE7CC1483646} = {9E973B54-E43D-4157-B0CA-7F859584A547}
		{8F64CE90-3C8A-41DE-90C3-73AF13621E97} = {12B7613A-0E00-4869-A8FD-E41682769014}
		{54D8C5A8-1A5C-4F93-BD3B-7C5D14F375BB} = {12B7613A-0E00-4869-A8FD-E41682769014}
		{00B89E53-3B21-4F3D-A704-96804AD81507} = {12B7613A-0E00-4869-A8FD-E41682769014}
	EndGlobalSection
	GlobalSection(ExtensibilityGlobals) = postSolution
		SolutionGuid = {D3E4CE38-9477-417D-B5C7-F95FB7339FC7}
	EndGlobalSection
EndGlobal
