
Microsoft Visual Studio Solution File, Format Version 12.00
# Visual Studio Version 17
VisualStudioVersion = 17.14.37628.2
MinimumVisualStudioVersion = 10.0.40219.1
Project("{2150E333-8FDC-42A3-9474-1A3956D46DE8}") = "Task0", "Task0", "{02EA681E-C7D8-13C7-8484-4AC65E1B71E8}"
EndProject
Project("{FAE04EC0-301F-11D3-BF4B-00C04F79EFBC}") = "Tyuiu.GluhovaUA.Sprint0.Task0.V0", "Tyuiu.GluhovaUA.Sprint0.Task0.V0\Tyuiu.GluhovaUA.Sprint0.Task0.V0.csproj", "{24A9001C-63E5-4A25-A728-3DA951245747}"
EndProject
Project("{2150E333-8FDC-42A3-9474-1A3956D46DE8}") = "Task1", "Task1", "{9E973B54-E43D-4157-B0CA-7F859584A547}"
EndProject
Project("{FAE04EC0-301F-11D3-BF4B-00C04F79EFBC}") = "Tyuiu.GluhovaUA.Sprint0.Task1.V0", "Tyuiu.GluhovaUA.Sprint0.Task1.V0\Tyuiu.GluhovaUA.Sprint0.Task1.V0.csproj", "{CC55B39B-2B89-4FB3-8F6F-AE7CC1483646}"
EndProject
Project("{2150E333-8FDC-42A3-9474-1A3956D46DE8}") = "Task2", "Task2", "{12B7613A-0E00-4869-A8FD-E41682769014}"
EndProject
Project("{FAE04EC0-301F-11D3-BF4B-00C04F79EFBC}") = "Tyuiu.GluhovaUA.Sprint0.Task2.V0", "Tyuiu.GluhovaUA.Sprint0.Task2.V0\Tyuiu.GluhovaUA.Sprint0.Task2.V0.csproj", "{8F64CE90-3C8A-41DE-90C3-73AF13621E97}"
EndProject
Project("{FAE04EC0-301F-11D3-BF4B-00C04F79EFBC}") = "Tyuiu.GluhovaUA.Sprint0.Task2.V0.Lib", "Tyuiu.GluhovaUA.Sprint0.Task2.V0.Lib\Tyuiu.GluhovaUA.Sprint0.Task2.V0.Lib.csproj", "{54D8C5A8-1A5C-4F93-BD3B-7C5D14F375BB}"
EndProject
Project("{FAE04EC0-301F-11D3-BF4B-00C04F79EFBC}") = "Tyuiu.GluhovaUA.Sprint0.Task2.V0.Test", "Tyuiu.GluhovaUA.Sprint0.Task2.V0.Test\Tyuiu.GluhovaUA.Sprint0.Task2.V0.Test.csproj", "{00B89E53-3B21-4F3D-A704-96804AD81507}"
EndProject
Project("{2150E333-8FDC-42A3-9474-1A3956D46DE8}") = "Task3", "Task3", "{83B1DBB0-2C26-4E32-B047-45B4392510C2}"
EndProject
Project("{FAE04EC0-301F-11D3-BF4B-00C04F79EFBC}") = "Tyuiu.GluhovaUA.Sprint0.Task3.V0", "Tyuiu.GluhovaUA.Sprint0.Task3.V0\Tyuiu.GluhovaUA.Sprint0.Task3.V0.csproj", "{BD16A721-237C-4AF2-928F-EFD568EC1948}"
EndProject
Project("{FAE04EC0-301F-11D3-BF4B-00C04F79EFBC}") = "Tyuiu.GluhovaUA.Sprint0.Task3.V0.Lib", "Tyuiu.GluhovaUA.Sprint0.Task3.V0.Lib\Tyuiu.GluhovaUA.Sprint0.Task3.V0.Lib.csproj", "{6056FF75-6C1E-4CB8-A656-9A94E80397B6}"
EndProject
Project("{FAE04EC0-301F-11D3-BF4B-00C04F79EFBC}") = "Tyuiu.GluhovaUA.Sprint0.Task3.V0.Test", "Tyuiu.GluhovaUA.Sprint0.Task3.V0.Test\Tyuiu.GluhovaUA.Sprint0.Task3.V0.Test.csproj", "{ABDFA0E0-1A64-4978-93CC-08C79F296933}"
EndProject
Project("{2150E333-8FDC-42A3-9474-1A3956D46DE8}") = "Task4", "Task4", "{6FE24339-E65B-4E74-9AAB-4F4CFEFA8D7D}"
EndProject
Project("{FAE04EC0-301F-11D3-BF4B-00C04F79EFBC}") = "Tyuiu.GluhovaUA.Sprint0.Task4.V0", "Tyuiu.GluhovaUA.Sprint0.Task4.V0\Tyuiu.GluhovaUA.Sprint0.Task4.V0.csproj", "{F4AB10E7-C835-43AD-A173-4F830E0887E7}"
EndProject
Project("{FAE04EC0-301F-11D3-BF4B-00C04F79EFBC}") = "Tyuiu.GluhovaUA.Sprint0.Task4.V0.Lib", "Tyuiu.GluhovaUA.Sprint0.Task4.V0.Lib\Tyuiu.GluhovaUA.Sprint0.Task4.V0.Lib.csproj", "{F1F18E00-5D7F-4344-A049-5B3C126CB63E}"
EndProject
Project("{FAE04EC0-301F-11D3-BF4B-00C04F79EFBC}") = "Tyuiu.GluhovaUA.Sprint0.Task4.V0.Test", "Tyuiu.GluhovaUA.Sprint0.Task4.V0.Test\Tyuiu.GluhovaUA.Sprint0.Task4.V0.Test.csproj", "{D72C92E5-F494-48BE-9220-3D5DAF6BB8B7}"
EndProject
Project("{2150E333-8FDC-42A3-9474-1A3956D46DE8}") = "Task5", "Task5", "{82AB7974-9C15-49FC-A0E6-D8F23D3C8B14}"
EndProject
Project("{FAE04EC0-301F-11D3-BF4B-00C04F79EFBC}") = "Tyuiu.GluhovaUA.Sprint0.Task5.V0", "Tyuiu.GluhovaUA.Sprint0.Task5.V0\Tyuiu.GluhovaUA.Sprint0.Task5.V0.csproj", "{46C58D0B-EEF9-4AC3-B4DA-746B10324807}"
EndProject
Project("{FAE04EC0-301F-11D3-BF4B-00C04F79EFBC}") = "Tyuiu.GluhovaUA.Sprint0.Task5.V0.Lib", "Tyuiu.GluhovaUA.Sprint0.Task5.V0.Lib\Tyuiu.GluhovaUA.Sprint0.Task5.V0.Lib.csproj", "{BFF08993-2F7A-47B4-8237-DB4E4A6929E7}"
EndProject
Project("{FAE04EC0-301F-11D3-BF4B-00C04F79EFBC}") = "Tyuiu.GluhovaUA.Sprint0.Task5.V0.Test", "Tyuiu.GluhovaUA.Sprint0.Task5.V0.Test\Tyuiu.GluhovaUA.Sprint0.Task5.V0.Test.csproj", "{1453A569-C854-459A-9E42-116991CB3622}"
EndProject
Project("{2150E333-8FDC-42A3-9474-1A3956D46DE8}") = "Task6", "Task6", "{02C7D614-E8CB-4E0B-A340-CCF41534093E}"
EndProject
Project("{FAE04EC0-301F-11D3-BF4B-00C04F79EFBC}") = "Tyuiu.GluhovaUA.Sprint0.Task6.V0", "Tyuiu.GluhovaUA.Sprint0.Task6.V0\Tyuiu.GluhovaUA.Sprint0.Task6.V0.csproj", "{B0B52BC7-70F9-4202-92B1-4C866DEA3908}"
EndProject
Project("{FAE04EC0-301F-11D3-BF4B-00C04F79EFBC}") = "Tyuiu.GluhovaUA.Sprint0.Task6.V0.Lib", "Tyuiu.GluhovaUA.Sprint0.Task6.V0.Lib\Tyuiu.GluhovaUA.Sprint0.Task6.V0.Lib.csproj", "{D19733A3-0E2C-45BB-BEF9-18909F5E98B4}"
EndProject
Project("{FAE04EC0-301F-11D3-BF4B-00C04F79EFBC}") = "Tyuiu.GluhovaUA.Sprint0.Task6.V0.Test", "Tyuiu.GluhovaUA.Sprint0.Task6.V0.Test\Tyuiu.GluhovaUA.Sprint0.Task6.V0.Test.csproj", "{7FB6FE8B-78B9-48EA-BE75-3FB98E41BE03}"
EndProject
Global
	GlobalSection(SolutionConfigurationPlatforms) = preSolution
		Debug|Any CPU = Debug|Any CPU
		Release|Any CPU = Release|Any CPU
	EndGlobalSection
	GlobalSection(ProjectConfigurationPlatforms) = postSolution
		{24A9001C-63E5-4A25-A728-3DA951245747}.Debug|Any CPU.ActiveCfg = Debug|Any CPU
		{24A9001C-63E5-4A25-A728-3DA951245747}.Debug|Any CPU.Build.0 = Debug|Any CPU
		{24A9001C-63E5-4A25-A728-3DA951245747}.Release|Any CPU.ActiveCfg = Release|Any CPU
		{24A9001C-63E5-4A25-A728-3DA951245747}.Release|Any CPU.Build.0 = Release|Any CPU
		{CC55B39B-2B89-4FB3-8F6F-AE7CC1483646}.Debug|Any CPU.ActiveCfg = Debug|Any CPU
		{CC55B39B-2B89-4FB3-8F6F-AE7CC1483646}.Debug|Any CPU.Build.0 = Debug|Any CPU
		{CC55B39B-2B89-4FB3-8F6F-AE7CC1483646}.Release|Any CPU.ActiveCfg = Release|Any CPU
		{CC55B39B-2B89-4FB3-8F6F-AE7CC1483646}.Release|Any CPU.Build.0 = Release|Any CPU
		{8F64CE90-3C8A-41DE-90C3-73AF13621E97}.Debug|Any CPU.ActiveCfg = Debug|Any CPU
		{8F64CE90-3C8A-41DE-90C3-73AF13621E97}.Debug|Any CPU.Build.0 = Debug|Any CPU
		{8F64CE90-3C8A-41DE-90C3-73AF13621E97}.Release|Any CPU.ActiveCfg = Release|Any CPU
		{8F64CE90-3C8A-41DE-90C3-73AF13621E97}.Release|Any CPU.Build.0 = Release|Any CPU
		{54D8C5A8-1A5C-4F93-BD3B-7C5D14F375BB}.Debug|Any CPU.ActiveCfg = Debug|Any CPU
		{54D8C5A8-1A5C-4F93-BD3B-7C5D14F375BB}.Debug|Any CPU.Build.0 = Debug|Any CPU
		{54D8C5A8-1A5C-4F93-BD3B-7C5D14F375BB}.Release|Any CPU.ActiveCfg = Release|Any CPU
		{54D8C5A8-1A5C-4F93-BD3B-7C5D14F375BB}.Release|Any CPU.Build.0 = Release|Any CPU
		{00B89E53-3B21-4F3D-A704-96804AD81507}.Debug|Any CPU.ActiveCfg = Debug|Any CPU
		{00B89E53-3B21-4F3D-A704-96804AD81507}.Debug|Any CPU.Build.0 = Debug|Any CPU
		{00B89E53-3B21-4F3D-A704-96804AD81507}.Release|Any CPU.ActiveCfg = Release|Any CPU
		{00B89E53-3B21-4F3D-A704-96804AD81507}.Release|Any CPU.Build.0 = Release|Any CPU
		{BD16A721-237C-4AF2-928F-EFD568EC1948}.Debug|Any CPU.ActiveCfg = Debug|Any CPU
		{BD16A721-237C-4AF2-928F-EFD568EC1948}.Debug|Any CPU.Build.0 = Debug|Any CPU
		{BD16A721-237C-4AF2-928F-EFD568EC1948}.Release|Any CPU.ActiveCfg = Release|Any CPU
		{BD16A721-237C-4AF2-928F-EFD568EC1948}.Release|Any CPU.Build.0 = Release|Any CPU
		{6056FF75-6C1E-4CB8-A656-9A94E80397B6}.Debug|Any CPU.ActiveCfg = Debug|Any CPU
		{6056FF75-6C1E-4CB8-A656-9A94E80397B6}.Debug|Any CPU.Build.0 = Debug|Any CPU
		{6056FF75-6C1E-4CB8-A656-9A94E80397B6}.Release|Any CPU.ActiveCfg = Release|Any CPU
		{6056FF75-6C1E-4CB8-A656-9A94E80397B6}.Release|Any CPU.Build.0 = Release|Any CPU
		{ABDFA0E0-1A64-4978-93CC-08C79F296933}.Debug|Any CPU.ActiveCfg = Debug|Any CPU
		{ABDFA0E0-1A64-4978-93CC-08C79F296933}.Debug|Any CPU.Build.0 = Debug|Any CPU
		{ABDFA0E0-1A64-4978-93CC-08C79F296933}.Release|Any CPU.ActiveCfg = Release|Any CPU
		{ABDFA0E0-1A64-4978-93CC-08C79F296933}.Release|Any CPU.Build.0 = Release|Any CPU
		{F4AB10E7-C835-43AD-A173-4F830E0887E7}.Debug|Any CPU.ActiveCfg = Debug|Any CPU
		{F4AB10E7-C835-43AD-A173-4F830E0887E7}.Debug|Any CPU.Build.0 = Debug|Any CPU
		{F4AB10E7-C835-43AD-A173-4F830E0887E7}.Release|Any CPU.ActiveCfg = Release|Any CPU
		{F4AB10E7-C835-43AD-A173-4F830E0887E7}.Release|Any CPU.Build.0 = Release|Any CPU
		{F1F18E00-5D7F-4344-A049-5B3C126CB63E}.Debug|Any CPU.ActiveCfg = Debug|Any CPU
		{F1F18E00-5D7F-4344-A049-5B3C126CB63E}.Debug|Any CPU.Build.0 = Debug|Any CPU
		{F1F18E00-5D7F-4344-A049-5B3C126CB63E}.Release|Any CPU.ActiveCfg = Release|Any CPU
		{F1F18E00-5D7F-4344-A049-5B3C126CB63E}.Release|Any CPU.Build.0 = Release|Any CPU
		{D72C92E5-F494-48BE-9220-3D5DAF6BB8B7}.Debug|Any CPU.ActiveCfg = Debug|Any CPU
		{D72C92E5-F494-48BE-9220-3D5DAF6BB8B7}.Debug|Any CPU.Build.0 = Debug|Any CPU
		{D72C92E5-F494-48BE-9220-3D5DAF6BB8B7}.Release|Any CPU.ActiveCfg = Release|Any CPU
		{D72C92E5-F494-48BE-9220-3D5DAF6BB8B7}.Release|Any CPU.Build.0 = Release|Any CPU
		{46C58D0B-EEF9-4AC3-B4DA-746B10324807}.Debug|Any CPU.ActiveCfg = Debug|Any CPU
		{46C58D0B-EEF9-4AC3-B4DA-746B10324807}.Debug|Any CPU.Build.0 = Debug|Any CPU
		{46C58D0B-EEF9-4AC3-B4DA-746B10324807}.Release|Any CPU.ActiveCfg = Release|Any CPU
		{46C58D0B-EEF9-4AC3-B4DA-746B10324807}.Release|Any CPU.Build.0 = Release|Any CPU
		{BFF08993-2F7A-47B4-8237-DB4E4A6929E7}.Debug|Any CPU.ActiveCfg = Debug|Any CPU
		{BFF08993-2F7A-47B4-8237-DB4E4A6929E7}.Debug|Any CPU.Build.0 = Debug|Any CPU
		{BFF08993-2F7A-47B4-8237-DB4E4A6929E7}.Release|Any CPU.ActiveCfg = Release|Any CPU
		{BFF08993-2F7A-47B4-8237-DB4E4A6929E7}.Release|Any CPU.Build.0 = Release|Any CPU
		{1453A569-C854-459A-9E42-116991CB3622}.Debug|Any CPU.ActiveCfg = Debug|Any CPU
		{1453A569-C854-459A-9E42-116991CB3622}.Debug|Any CPU.Build.0 = Debug|Any CPU
		{1453A569-C854-459A-9E42-116991CB3622}.Release|Any CPU.ActiveCfg = Release|Any CPU
		{1453A569-C854-459A-9E42-116991CB3622}.Release|Any CPU.Build.0 = Release|Any CPU
		{B0B52BC7-70F9-4202-92B1-4C866DEA3908}.Debug|Any CPU.ActiveCfg = Debug|Any CPU
		{B0B52BC7-70F9-4202-92B1-4C866DEA3908}.Debug|Any CPU.Build.0 = Debug|Any CPU
		{B0B52BC7-70F9-4202-92B1-4C866DEA3908}.Release|Any CPU.ActiveCfg = Release|Any CPU
		{B0B52BC7-70F9-4202-92B1-4C866DEA3908}.Release|Any CPU.Build.0 = Release|Any CPU
		{D19733A3-0E2C-45BB-BEF9-18909F5E98B4}.Debug|Any CPU.ActiveCfg = Debug|Any CPU
		{D19733A3-0E2C-45BB-BEF9-18909F5E98B4}.Debug|Any CPU.Build.0 = Debug|Any CPU
		{D19733A3-0E2C-45BB-BEF9-18909F5E98B4}.Release|Any CPU.ActiveCfg = Release|Any CPU
		{D19733A3-0E2C-45BB-BEF9-18909F5E98B4}.Release|Any CPU.Build.0 = Release|Any CPU
		{7FB6FE8B-78B9-48EA-BE75-3FB98E41BE03}.Debug|Any CPU.ActiveCfg = Debug|Any CPU
		{7FB6FE8B-78B9-48EA-BE75-3FB98E41BE03}.Debug|Any CPU.Build.0 = Debug|Any CPU
		{7FB6FE8B-78B9-48EA-BE75-3FB98E41BE03}.Release|Any CPU.ActiveCfg = Release|Any CPU
		{7FB6FE8B-78B9-48EA-BE75-3FB98E41BE03}.Release|Any CPU.Build.0 = Release|Any CPU
	EndGlobalSection
	GlobalSection(SolutionProperties) = preSolution
		HideSolutionNode = FALSE
	EndGlobalSection
	GlobalSection(NestedProjects) = preSolution
		{24A9001C-63E5-4A25-A728-3DA951245747} = {02EA681E-C7D8-13C7-8484-4AC65E1B71E8}
		{CC55B39B-2B89-4FB3-8F6F-AE7CC1483646} = {9E973B54-E43D-4157-B0CA-7F859584A547}
		{8F64CE90-3C8A-41DE-90C3-73AF13621E97} = {12B7613A-0E00-4869-A8FD-E41682769014}
		{54D8C5A8-1A5C-4F93-BD3B-7C5D14F375BB} = {12B7613A-0E00-4869-A8FD-E41682769014}
		{00B89E53-3B21-4F3D-A704-96804AD81507} = {12B7613A-0E00-4869-A8FD-E41682769014}
		{BD16A721-237C-4AF2-928F-EFD568EC1948} = {83B1DBB0-2C26-4E32-B047-45B4392510C2}
		{6056FF75-6C1E-4CB8-A656-9A94E80397B6} = {83B1DBB0-2C26-4E32-B047-45B4392510C2}
		{ABDFA0E0-1A64-4978-93CC-08C79F296933} = {83B1DBB0-2C26-4E32-B047-45B4392510C2}
		{F4AB10E7-C835-43AD-A173-4F830E0887E7} = {6FE24339-E65B-4E74-9AAB-4F4CFEFA8D7D}
		{F1F18E00-5D7F-4344-A049-5B3C126CB63E} = {6FE24339-E65B-4E74-9AAB-4F4CFEFA8D7D}
		{D72C92E5-F494-48BE-9220-3D5DAF6BB8B7} = {6FE24339-E65B-4E74-9AAB-4F4CFEFA8D7D}
		{46C58D0B-EEF9-4AC3-B4DA-746B10324807} = {82AB7974-9C15-49FC-A0E6-D8F23D3C8B14}
		{BFF08993-2F7A-47B4-8237-DB4E4A6929E7} = {82AB7974-9C15-49FC-A0E6-D8F23D3C8B14}
		{1453A569-C854-459A-9E42-116991CB3622} = {82AB7974-9C15-49FC-A0E6-D8F23D3C8B14}
		{B0B52BC7-70F9-4202-92B1-4C866DEA3908} = {02C7D614-E8CB-4E0B-A340-CCF41534093E}
		{D19733A3-0E2C-45BB-BEF9-18909F5E98B4} = {02C7D614-E8CB-4E0B-A340-CCF41534093E}
		{7FB6FE8B-78B9-48EA-BE75-3FB98E41BE03} = {02C7D614-E8CB-4E0B-A340-CCF41534093E}
	EndGlobalSection
	GlobalSection(ExtensibilityGlobals) = postSolution
		SolutionGuid = {D3E4CE38-9477-417D-B5C7-F95FB7339FC7}
	EndGlobalSection
EndGlobal
