
Microsoft Visual Studio Solution File, Format Version 12.00
# Visual Studio Version 17
VisualStudioVersion = 17.14.37628.2
MinimumVisualStudioVersion = 10.0.40219.1
Project("{2150E333-8FDC-42A3-9474-1A3956D46DE8}") = "Task0", "Task0", "{02EA681E-C7D8-13C7-8484-4AC65E1B71E8}"
EndProject
Project("{FAE04EC0-301F-11D3-BF4B-00C04F79EFBC}") = "Tyuiu.GluhovaUA.Sprint0.Task0.V0", "Tyuiu.GluhovaUA.Sprint0.Task0.V0\Tyuiu.GluhovaUA.Sprint0.Task0.V0.csproj", "{24A9001C-63E5-4A25-A728-3DA951245747}"
EndProject
Global
	GlobalSection(SolutionConfigurationPlatforms) = preSolution
		Debug|Any CPU = Debug|Any CPU
		Release|Any CPU = Release|Any CPU
	EndGlobalSection
	GlobalSection(ProjectConfigurationPlatforms) = postSolution
		{24A9001C-63E5-4A25-A728-3DA951245747}.Debug|Any CPU.ActiveCfg = Debug|Any CPU
		{24A9001C-63E5-4A25-A728-3DA951245747}.Debug|Any CPU.Build.0 = Debug|Any CPU
		{24A9001C-63E5-4A25-A728-3DA951245747}.Release|Any CPU.ActiveCfg = Release|Any CPU
		{24A9001C-63E5-4A25-A728-3DA951245747}.Release|Any CPU.Build.0 = Release|Any CPU
	EndGlobalSection
	GlobalSection(SolutionProperties) = preSolution
		HideSolutionNode = FALSE
	EndGlobalSection
	GlobalSection(NestedProjects) = preSolution
		{24A9001C-63E5-4A25-A728-3DA951245747} = {02EA681E-C7D8-13C7-8484-4AC65E1B71E8}
	EndGlobalSection
	GlobalSection(ExtensibilityGlobals) = postSolution
		SolutionGuid = {D3E4CE38-9477-417D-B5C7-F95FB7339FC7}
	EndGlobalSection
EndGlobal
